<Solution>
  <Folder Name="/src/basic/">
    <Project Path="src/basic/Configlue.Abstraction/Configlue.Abstraction.csproj" />
    <Project Path="src/basic/Configlue.Core/Configlue.Core.csproj" />
    <Project Path="src/basic/Configlue.Testing/Configlue.Testing.csproj" />
    <Project Path="src/basic/Configlue/Configlue.csproj" />
  </Folder>
  <Folder Name="/src/extensions/">
    <Project Path="src/extensions/Configlue.Extensions.ComponentModel/Configlue.Extensions.ComponentModel.csproj" />
    <Project Path="src/extensions/Configlue.Extensions.DI/Configlue.Extensions.DI.csproj" />
    <Project Path="src/extensions/Configlue.Extensions.MSOptions/Configlue.Extensions.MSOptions.csproj" />
    <Project Path="src/extensions/Configlue.Extensions.R3/Configlue.Extensions.R3.csproj" />
  </Folder>
  <Folder Name="/src/hosting/">
    <Project Path="src/hosting/Configlue.Hosting.AspNetCore/Configlue.Hosting.AspNetCore.csproj" />
    <Project Path="src/hosting/Configlue.Hosting.Blazor/Configlue.Hosting.Blazor.csproj" />
    <Project Path="src/hosting/Configlue.Hosting.Avalonia/Configlue.Hosting.Avalonia.csproj" />
    <Project Path="src/hosting/Configlue.Hosting.Maui/Configlue.Hosting.Maui.csproj" />
    <Project Path="src/hosting/Configlue.Hosting.Godot/Configlue.Hosting.Godot.csproj" />
  </Folder>
  <Folder Name="/src/providers/">
    <Project Path="src/providers/Configlue.Provider.Json/Configlue.Provider.Json.csproj" />
    <Project Path="src/providers/Configlue.Provider.MessagePack/Configlue.Provider.MessagePack.csproj" />
    <Project Path="src/providers/Configlue.Provider.Xml/Configlue.Provider.Xml.csproj" />
    <Project Path="src/providers/Configlue.Provider.Yaml/Configlue.Provider.Yaml.csproj" />
  </Folder>
  <Folder Name="/src/resources/">
    <Project Path="src/resources/Configlue.Resource.Etcd/Configlue.Resource.Etcd.csproj" />
    <Project Path="src/resources/Configlue.Resource.AzureAppConfiguration/Configlue.Resource.AzureAppConfiguration.csproj" />
    <Project Path="src/resources/Configlue.Resource.AzureKeyVault/Configlue.Resource.AzureKeyVault.csproj" />
    <Project Path="src/resources/Configlue.Resource.AwsAppConfig/Configlue.Resource.AwsAppConfig.csproj" />
    <Project Path="src/resources/Configlue.Resource.Kubernetes/Configlue.Resource.Kubernetes.csproj" />
    <Project Path="src/resources/Configlue.Resource.AzureBlob/Configlue.Resource.AzureBlob.csproj" />
    <Project Path="src/resources/Configlue.Resource.Redis/Configlue.Resource.Redis.csproj" />
    <Project Path="src/resources/Configlue.Resource.S3/Configlue.Resource.S3.csproj" />
    <Project Path="src/resources/Configlue.Resource.Vault/Configlue.Resource.Vault.csproj" />
    <Project Path="src/resources/Configlue.Resource.SecretsManager/Configlue.Resource.SecretsManager.csproj" />
    <Project Path="src/resources/Configlue.Resource.GoogleSecretManager/Configlue.Resource.GoogleSecretManager.csproj" />
    <Project Path="src/resources/Configlue.Resource.Gcs/Configlue.Resource.Gcs.csproj" />
  </Folder>
  <Folder Name="/src/sources/">
    <Project Path="src/sources/Configlue.Source.CommandLine/Configlue.Source.CommandLine.csproj" />
    <Project Path="src/sources/Configlue.Source.Consul/Configlue.Source.Consul.csproj" />
    <Project Path="src/sources/Configlue.Source.Environment/Configlue.Source.Environment.csproj" />
    <Project Path="src/sources/Configlue.Source.Http/Configlue.Source.Http.csproj" />
    <Project Path="src/sources/Configlue.Source.PostgreSql/Configlue.Source.PostgreSql.csproj" />
    <Project Path="src/sources/Configlue.Source.PostgreSql.Migrations/Configlue.Source.PostgreSql.Migrations.csproj" />
    <Project Path="src/sources/Configlue.Source.Ssm/Configlue.Source.Ssm.csproj" />
  </Folder>
  <Folder Name="/src/transformers/">
    <Project Path="src/transformers/Configlue.Transformer.AES/Configlue.Transformer.AES.csproj" />
    <Project Path="src/transformers/Configlue.Transformer.Compression/Configlue.Transformer.Compression.csproj" />
  </Folder>
  <Folder Name="/src/tools/">
    <Project Path="src/tools/Configlue.Generator/Configlue.Generator.csproj" />
    <Project Path="src/tools/Configlue.JsonSchema.MSBuild/Configlue.JsonSchema.MSBuild.csproj" />
  </Folder>
  <Folder Name="/src/fragments/">
    <Project Path="src/fragments/src/SparseFragments/SparseFragments.csproj" />
    <Project Path="src/fragments/src/SparseFragments.Generator/SparseFragments.Generator.csproj" />
  </Folder>
  <Folder Name="/src/devtools/">
    <Project Path="src/devtools/Configlue.DevTools/Configlue.DevTools.csproj" />
    <Project Path="src/devtools/Configlue.DevTools.Web/Configlue.DevTools.Web.csproj" />
    <Project Path="src/devtools/Configlue.DevTools.Maui/Configlue.DevTools.Maui.csproj" />
    <Project Path="src/devtools/Configlue.DevTools.Godot/Configlue.DevTools.Godot.csproj" />
  </Folder>
  <Folder Name="/tests/">
    <Project Path="tests/Configlue.Tests/Configlue.Tests.csproj" />
    <Project Path="tests/Configlue.DevTools.Tests/Configlue.DevTools.Tests.csproj" />
    <Project Path="tests/Configlue.Hosting.Unity.Tests/Configlue.Hosting.Unity.Tests.csproj" />
    <Project Path="tests/Configlue.Hosting.Godot.Smoke/Configlue.Hosting.Godot.Smoke.csproj" />
    <Project Path="tests/Configlue.Tests.PublicApi/Configlue.Tests.PublicApi.csproj" />
    <Project Path="tests/Configlue.Generator.Compatibility.Tests/Configlue.Generator.Compatibility.Tests.csproj" />
    <Project Path="tests/Configlue.JsonSchema.MSBuild.Fixtures/Configlue.JsonSchema.MSBuild.Fixtures.csproj" />
    <Project Path="tests/SparseFragments.JsonPatch.Tests/SparseFragments.JsonPatch.Tests.csproj" />
  </Folder>
  <Folder Name="/benchmarks/">
    <Project Path="benchmarks/Configlue.Benchmarks/Configlue.Benchmarks.csproj" />
  </Folder>
  <Folder Name="/examples/">
    <Project Path="examples/Configlue.Examples.Shared/Configlue.Examples.Shared.csproj" />
    <Project Path="examples/Configlue.Examples.HttpServer/Configlue.Examples.HttpServer.csproj" />
    <Project Path="examples/Configlue.Examples.Playground/Configlue.Examples.Playground.csproj" />
    <Project Path="examples/Configlue.Examples.AppHost/Configlue.Examples.AppHost.csproj" />
    <Project Path="examples/Configlue.Examples.Smoke/Configlue.Examples.Smoke.csproj" />
  </Folder>
</Solution>
