<Solution>
  <Folder Name="/src/">
    <Project Path="src/Configlue.Abstraction/Configlue.Abstraction.csproj" />
    <Project Path="src/Configlue.Core/Configlue.Core.csproj" />
    <Project Path="src/Configlue.Extensibility/Configlue.Extensibility.csproj" />
    <Project Path="src/Configlue.JsonSchema/Configlue.JsonSchema.csproj" />
    <Project Path="src/Configlue.Generator/Configlue.Generator.csproj" />
    <Project Path="src/Configlue.Extensions.DI/Configlue.Extensions.DI.csproj" />
    <Project Path="src/Configlue.Extensions.MSOptions/Configlue.Extensions.MSOptions.csproj" />
    <Project Path="src/Configlue.Extensions.R3/Configlue.Extensions.R3.csproj" />
    <Project Path="src/Configlue.Testing/Configlue.Testing.csproj" />
    <Project Path="src/Configlue/Configlue.csproj" />
  </Folder>
  <Folder Name="/src/Providers/">
    <Project Path="src/Configlue.Provider.Json/Configlue.Provider.Json.csproj" />
    <Project Path="src/Configlue.Provider.Xml/Configlue.Provider.Xml.csproj" />
    <Project Path="src/Configlue.Provider.Yaml/Configlue.Provider.Yaml.csproj" />
  </Folder>
  <Folder Name="/src/Sources/">
    <Project Path="src/Configlue.Source.Environment/Configlue.Source.Environment.csproj" />
    <Project Path="src/Configlue.Source.Presets/Configlue.Source.Presets.csproj" />
    <Project Path="src/Configlue.Source.Presets.Xml/Configlue.Source.Presets.Xml.csproj" />
    <Project Path="src/Configlue.Source.Presets.Yaml/Configlue.Source.Presets.Yaml.csproj" />
    <Project Path="src/Configlue.Source.CommandLine/Configlue.Source.CommandLine.csproj" />
  </Folder>
  <Folder Name="/src/Resources/">
    <Project Path="src/Configlue.Resource.Dapr/Configlue.Resource.Dapr.csproj" />
    <Project Path="src/Configlue.Resource.S3/Configlue.Resource.S3.csproj" />
    <Project Path="src/Configlue.Resource.Zip/Configlue.Resource.Zip.csproj" />
    <Project Path="src/Configlue.Resource.Http/Configlue.Resource.Http.csproj" />
    <Project Path="src/Configlue.Resource.Http.AspNetCore/Configlue.Resource.Http.AspNetCore.csproj" />
  </Folder>
  <Folder Name="/src/Transformers/">
    <Project Path="src/Configlue.Transformer.AES/Configlue.Transformer.AES.csproj" />
  </Folder>
  <Folder Name="/tests/">
    <Project Path="tests/Configlue.Tests/Configlue.Tests.csproj" />
    <Project Path="tests/Configlue.Tests.PublicApi/Configlue.Tests.PublicApi.csproj" />
    <Project Path="tests/Configlue.Tests.R3/Configlue.Tests.R3.csproj" />
  </Folder>
  <Folder Name="/benchmarks/">
    <Project Path="benchmarks/Configlue.Benchmarks/Configlue.Benchmarks.csproj" />
  </Folder>
  <Folder Name="/example/">
    <File Path="example/Directory.Build.props" />
    <Project Path="example/Example.ConsoleApp/Example.ConsoleApp.csproj" />
    <Project Path="example/Example.ConsoleApp.NativeAot/Example.ConsoleApp.NativeAot.csproj" />
    <Project Path="example/Example.MultiSource/Example.MultiSource.csproj" />
    <Project Path="example/Example.SimpleApp/Example.SimpleApp.csproj" />
    <Project Path="example/Example.WorkerService/Example.WorkerService.csproj" />
    <Project Path="example/Example.ConsoleApp.Yaml/Example.ConsoleApp.Yaml.csproj" />
  </Folder>
</Solution>
